
Microsoft Visual Studio Solution File, Format Version 12.00
# Visual Studio Version 17
VisualStudioVersion = 17.3.32819.101
MinimumVisualStudioVersion = 10.0.40219.1
Project("{FAE04EC0-301F-11D3-BF4B-00C04F79EFBC}") = "DIP_Activity", "DIP_Activity\DIP_Activity.csproj", "{F55E9545-8111-45EC-BF21-4A6E2686803F}"
EndProject
Global
	GlobalSection(SolutionConfigurationPlatforms) = preSolution
		Debug|Any CPU = Debug|Any CPU
		Release|Any CPU = Release|Any CPU
	EndGlobalSection
	GlobalSection(ProjectConfigurationPlatforms) = postSolution
		{F55E9545-8111-45EC-BF21-4A6E2686803F}.Debug|Any CPU.ActiveCfg = Debug|Any CPU
		{F55E9545-8111-45EC-BF21-4A6E2686803F}.Debug|Any CPU.Build.0 = Debug|Any CPU
		{F55E9545-8111-45EC-BF21-4A6E2686803F}.Release|Any CPU.ActiveCfg = Release|Any CPU
		{F55E9545-8111-45EC-BF21-4A6E2686803F}.Release|Any CPU.Build.0 = Release|Any CPU
	EndGlobalSection
	GlobalSection(SolutionProperties) = preSolution
		HideSolutionNode = FALSE
	EndGlobalSection
	GlobalSection(ExtensibilityGlobals) = postSolution
		SolutionGuid = {AA7D3254-A937-4A2E-8931-6351FD293D82}
	EndGlobalSection
EndGlobal
